// !$*UTF8*$!
{
	archiveVersion = 1;
	classes = {
	};
	objectVersion = 48;
	objects = {

/* Begin PBXBuildFile section */
		985A25B22021ADF200D503BA /* AppDelegate.swift in Sources */ = {isa = PBXBuildFile; fileRef = 985A25B12021ADF200D503BA /* AppDelegate.swift */; };
		985A25B42021ADF300D503BA /* ViewController.swift in Sources */ = {isa = PBXBuildFile; fileRef = 985A25B32021ADF300D503BA /* ViewController.swift */; };
		985A25B72021ADF300D503BA /* Main.storyboard in Resources */ = {isa = PBXBuildFile; fileRef = 985A25B52021ADF300D503BA /* Main.storyboard */; };
		985A25B92021ADF300D503BA /* Assets.xcassets in Resources */ = {isa = PBXBuildFile; fileRef = 985A25B82021ADF300D503BA /* Assets.xcassets */; };
		985A25BC2021ADF300D503BA /* LaunchScreen.storyboard in Resources */ = {isa = PBXBuildFile; fileRef = 985A25BA2021ADF300D503BA /* LaunchScreen.storyboard */; };
		985A25C72021ADF300D503BA /* GitHubExampleTests.swift in Sources */ = {isa = PBXBuildFile; fileRef = 985A25C62021ADF300D503BA /* GitHubExampleTests.swift */; };
		985A25D22021ADF300D503BA /* GitHubExampleUITests.swift in Sources */ = {isa = PBXBuildFile; fileRef = 985A25D12021ADF300D503BA /* GitHubExampleUITests.swift */; };
		985A25E02021B4F200D503BA /* AViewController.swift in Sources */ = {isa = PBXBuildFile; fileRef = 985A25DF2021B4F200D503BA /* AViewController.swift */; };
/* End PBXBuildFile section */

/* Begin PBXContainerItemProxy section */
		985A25C32021ADF300D503BA /* PBXContainerItemProxy */ = {
			isa = PBXContainerItemProxy;
			containerPortal = 985A25A62021ADF200D503BA /* Project object */;
			proxyType = 1;
			remoteGlobalIDString = 985A25AD2021ADF200D503BA;
			remoteInfo = GitHubExample;
		};
		985A25CE2021ADF300D503BA /* PBXContainerItemProxy */ = {
			isa = PBXContainerItemProxy;
			containerPortal = 985A25A62021ADF200D503BA /* Project object */;
			proxyType = 1;
			remoteGlobalIDString = 985A25AD2021ADF200D503BA;
			remoteInfo = GitHubExample;
		};
/* End PBXContainerItemProxy section */

/* Begin PBXFileReference section */
		985A25AE2021ADF200D503BA /* GitHubExample.app */ = {isa = PBXFileReference; explicitFileType = wrapper.application; includeInIndex = 0; path = GitHubExample.app; sourceTree = BUILT_PRODUCTS_DIR; };
		985A25B12021ADF200D503BA /* AppDelegate.swift */ = {isa = PBXFileReference; lastKnownFileType = sourcecode.swift; path = AppDelegate.swift; sourceTree = "<group>"; };
		985A25B32021ADF300D503BA /* ViewController.swift */ = {isa = PBXFileReference; lastKnownFileType = sourcecode.swift; path = ViewController.swift; sourceTree = "<group>"; };
		985A25B62021ADF300D503BA /* Base */ = {isa = PBXFileReference; lastKnownFileType = file.storyboard; name = Base; path = Base.lproj/Main.storyboard; sourceTree = "<group>"; };
		985A25B82021ADF300D503BA /* Assets.xcassets */ = {isa = PBXFileReference; lastKnownFileType = folder.assetcatalog; path = Assets.xcassets; sourceTree = "<group>"; };
		985A25BB2021ADF300D503BA /* Base */ = {isa = PBXFileReference; lastKnownFileType = file.storyboard; name = Base; path = Base.lproj/LaunchScreen.storyboard; sourceTree = "<group>"; };
		985A25BD2021ADF300D503BA /* Info.plist */ = {isa = PBXFileReference; lastKnownFileType = text.plist.xml; path = Info.plist; sourceTree = "<group>"; };
		985A25C22021ADF300D503BA /* GitHubExampleTests.xctest */ = {isa = PBXFileReference; explicitFileType = wrapper.cfbundle; includeInIndex = 0; path = GitHubExampleTests.xctest; sourceTree = BUILT_PRODUCTS_DIR; };
		985A25C62021ADF300D503BA /* GitHubExampleTests.swift */ = {isa = PBXFileReference; lastKnownFileType = sourcecode.swift; path = GitHubExampleTests.swift; sourceTree = "<group>"; };
		985A25C82021ADF300D503BA /* Info.plist */ = {isa = PBXFileReference; lastKnownFileType = text.plist.xml; path = Info.plist; sourceTree = "<group>"; };
		985A25CD2021ADF300D503BA /* GitHubExampleUITests.xctest */ = {isa = PBXFileReference; explicitFileType = wrapper.cfbundle; includeInIndex = 0; path = GitHubExampleUITests.xctest; sourceTree = BUILT_PRODUCTS_DIR; };
		985A25D12021ADF300D503BA /* GitHubExampleUITests.swift */ = {isa = PBXFileReference; lastKnownFileType = sourcecode.swift; path = GitHubExampleUITests.swift; sourceTree = "<group>"; };
		985A25D32021ADF300D503BA /* Info.plist */ = {isa = PBXFileReference; lastKnownFileType = text.plist.xml; path = Info.plist; sourceTree = "<group>"; };
		985A25DF2021B4F200D503BA /* AViewController.swift */ = {isa = PBXFileReference; lastKnownFileType = sourcecode.swift; path = AViewController.swift; sourceTree = "<group>"; };
/* End PBXFileReference section */

/* Begin PBXFrameworksBuildPhase section */
		985A25AB2021ADF200D503BA /* Frameworks */ = {
			isa = PBXFrameworksBuildPhase;
			buildActionMask = 2147483647;
			files = (
			);
			runOnlyForDeploymentPostprocessing = 0;
		};
		985A25BF2021ADF300D503BA /* Frameworks */ = {
			isa = PBXFrameworksBuildPhase;
			buildActionMask = 2147483647;
			files = (
			);
			runOnlyForDeploymentPostprocessing = 0;
		};
		985A25CA2021ADF300D503BA /* Frameworks */ = {
			isa = PBXFrameworksBuildPhase;
			buildActionMask = 2147483647;
			files = (
			);
			runOnlyForDeploymentPostprocessing = 0;
		};
/* End PBXFrameworksBuildPhase section */

/* Begin PBXGroup section */
		985A25A52021ADF100D503BA = {
			isa = PBXGroup;
			children = (
				985A25B02021ADF200D503BA /* GitHubExample */,
				985A25C52021ADF300D503BA /* GitHubExampleTests */,
				985A25D02021ADF300D503BA /* GitHubExampleUITests */,
				985A25AF2021ADF200D503BA /* Products */,
			);
			sourceTree = "<group>";
		};
		985A25AF2021ADF200D503BA /* Products */ = {
			isa = PBXGroup;
			children = (
				985A25AE2021ADF200D503BA /* GitHubExample.app */,
				985A25C22021ADF300D503BA /* GitHubExampleTests.xctest */,
				985A25CD2021ADF300D503BA /* GitHubExampleUITests.xctest */,
			);
			name = Products;
			sourceTree = "<group>";
		};
		985A25B02021ADF200D503BA /* GitHubExample */ = {
			isa = PBXGroup;
			children = (
				985A25B12021ADF200D503BA /* AppDelegate.swift */,
				985A25B32021ADF300D503BA /* ViewController.swift */,
				985A25DF2021B4F200D503BA /* AViewController.swift */,
				985A25B52021ADF300D503BA /* Main.storyboard */,
				985A25B82021ADF300D503BA /* Assets.xcassets */,
				985A25BA2021ADF300D503BA /* LaunchScreen.storyboard */,
				985A25BD2021ADF300D503BA /* Info.plist */,
			);
			path = GitHubExample;
			sourceTree = "<group>";
		};
		985A25C52021ADF300D503BA /* GitHubExampleTests */ = {
			isa = PBXGroup;
			children = (
				985A25C62021ADF300D503BA /* GitHubExampleTests.swift */,
				985A25C82021ADF300D503BA /* Info.plist */,
			);
			path = GitHubExampleTests;
			sourceTree = "<group>";
		};
		985A25D02021ADF300D503BA /* GitHubExampleUITests */ = {
			isa = PBXGroup;
			children = (
				985A25D12021ADF300D503BA /* GitHubExampleUITests.swift */,
				985A25D32021ADF300D503BA /* Info.plist */,
			);
			path = GitHubExampleUITests;
			sourceTree = "<group>";
		};
/* End PBXGroup section */

/* Begin PBXNativeTarget section */
		985A25AD2021ADF200D503BA /* GitHubExample */ = {
			isa = PBXNativeTarget;
			buildConfigurationList = 985A25D62021ADF300D503BA /* Build configuration list for PBXNativeTarget "GitHubExample" */;
			buildPhases = (
				985A25AA2021ADF200D503BA /* Sources */,
				985A25AB2021ADF200D503BA /* Frameworks */,
				985A25AC2021ADF200D503BA /* Resources */,
			);
			buildRules = (
			);
			dependencies = (
			);
			name = GitHubExample;
			productName = GitHubExample;
			productReference = 985A25AE2021ADF200D503BA /* GitHubExample.app */;
			productType = "com.apple.product-type.application";
		};
		985A25C12021ADF300D503BA /* GitHubExampleTests */ = {
			isa = PBXNativeTarget;
			buildConfigurationList = 985A25D92021ADF300D503BA /* Build configuration list for PBXNativeTarget "GitHubExampleTests" */;
			buildPhases = (
				985A25BE2021ADF300D503BA /* Sources */,
				985A25BF2021ADF300D503BA /* Frameworks */,
				985A25C02021ADF300D503BA /* Resources */,
			);
			buildRules = (
			);
			dependencies = (
				985A25C42021ADF300D503BA /* PBXTargetDependency */,
			);
			name = GitHubExampleTests;
			productName = GitHubExampleTests;
			productReference = 985A25C22021ADF300D503BA /* GitHubExampleTests.xctest */;
			productType = "com.apple.product-type.bundle.unit-test";
		};
		985A25CC2021ADF300D503BA /* GitHubExampleUITests */ = {
			isa = PBXNativeTarget;
			buildConfigurationList = 985A25DC2021ADF300D503BA /* Build configuration list for PBXNativeTarget "GitHubExampleUITests" */;
			buildPhases = (
				985A25C92021ADF300D503BA /* Sources */,
				985A25CA2021ADF300D503BA /* Frameworks */,
				985A25CB2021ADF300D503BA /* Resources */,
			);
			buildRules = (
			);
			dependencies = (
				985A25CF2021ADF300D503BA /* PBXTargetDependency */,
			);
			name = GitHubExampleUITests;
			productName = GitHubExampleUITests;
			productReference = 985A25CD2021ADF300D503BA /* GitHubExampleUITests.xctest */;
			productType = "com.apple.product-type.bundle.ui-testing";
		};
/* End PBXNativeTarget section */

/* Begin PBXProject section */
		985A25A62021ADF200D503BA /* Project object */ = {
			isa = PBXProject;
			attributes = {
				LastSwiftUpdateCheck = 0920;
				LastUpgradeCheck = 0920;
				ORGANIZATIONNAME = NewMacmini;
				TargetAttributes = {
					985A25AD2021ADF200D503BA = {
						CreatedOnToolsVersion = 9.2;
						ProvisioningStyle = Automatic;
					};
					985A25C12021ADF300D503BA = {
						CreatedOnToolsVersion = 9.2;
						ProvisioningStyle = Automatic;
						TestTargetID = 985A25AD2021ADF200D503BA;
					};
					985A25CC2021ADF300D503BA = {
						CreatedOnToolsVersion = 9.2;
						ProvisioningStyle = Automatic;
						TestTargetID = 985A25AD2021ADF200D503BA;
					};
				};
			};
			buildConfigurationList = 985A25A92021ADF200D503BA /* Build configuration list for PBXProject "GitHubExample" */;
			compatibilityVersion = "Xcode 8.0";
			developmentRegion = en;
			hasScannedForEncodings = 0;
			knownRegions = (
				en,
				Base,
			);
			mainGroup = 985A25A52021ADF100D503BA;
			productRefGroup = 985A25AF2021ADF200D503BA /* Products */;
			projectDirPath = "";
			projectRoot = "";
			targets = (
				985A25AD2021ADF200D503BA /* GitHubExample */,
				985A25C12021ADF300D503BA /* GitHubExampleTests */,
				985A25CC2021ADF300D503BA /* GitHubExampleUITests */,
			);
		};
/* End PBXProject section */

/* Begin PBXResourcesBuildPhase section */
		985A25AC2021ADF200D503BA /* Resources */ = {
			isa = PBXResourcesBuildPhase;
			buildActionMask = 2147483647;
			files = (
				985A25BC2021ADF300D503BA /* LaunchScreen.storyboard in Resources */,
				985A25B92021ADF300D503BA /* Assets.xcassets in Resources */,
				985A25B72021ADF300D503BA /* Main.storyboard in Resources */,
			);
			runOnlyForDeploymentPostprocessing = 0;
		};
		985A25C02021ADF300D503BA /* Resources */ = {
			isa = PBXResourcesBuildPhase;
			buildActionMask = 2147483647;
			files = (
			);
			runOnlyForDeploymentPostprocessing = 0;
		};
		985A25CB2021ADF300D503BA /* Resources */ = {
			isa = PBXResourcesBuildPhase;
			buildActionMask = 2147483647;
			files = (
			);
			runOnlyForDeploymentPostprocessing = 0;
		};
/* End PBXResourcesBuildPhase section */

/* Begin PBXSourcesBuildPhase section */
		985A25AA2021ADF200D503BA /* Sources */ = {
			isa = PBXSourcesBuildPhase;
			buildActionMask = 2147483647;
			files = (
				985A25B42021ADF300D503BA /* ViewController.swift in Sources */,
				985A25E02021B4F200D503BA /* AViewController.swift in Sources */,
				985A25B22021ADF200D503BA /* AppDelegate.swift in Sources */,
			);
			runOnlyForDeploymentPostprocessing = 0;
		};
		985A25BE2021ADF300D503BA /* Sources */ = {
			isa = PBXSourcesBuildPhase;
			buildActionMask = 2147483647;
			files = (
				985A25C72021ADF300D503BA /* GitHubExampleTests.swift in Sources */,
			);
			runOnlyForDeploymentPostprocessing = 0;
		};
		985A25C92021ADF300D503BA /* Sources */ = {
			isa = PBXSourcesBuildPhase;
			buildActionMask = 2147483647;
			files = (
				985A25D22021ADF300D503BA /* GitHubExampleUITests.swift in Sources */,
			);
			runOnlyForDeploymentPostprocessing = 0;
		};
/* End PBXSourcesBuildPhase section */

/* Begin PBXTargetDependency section */
		985A25C42021ADF300D503BA /* PBXTargetDependency */ = {
			isa = PBXTargetDependency;
			target = 985A25AD2021ADF200D503BA /* GitHubExample */;
			targetProxy = 985A25C32021ADF300D503BA /* PBXContainerItemProxy */;
		};
		985A25CF2021ADF300D503BA /* PBXTargetDependency */ = {
			isa = PBXTargetDependency;
			target = 985A25AD2021ADF200D503BA /* GitHubExample */;
			targetProxy = 985A25CE2021ADF300D503BA /* PBXContainerItemProxy */;
		};
/* End PBXTargetDependency section */

/* Begin PBXVariantGroup section */
		985A25B52021ADF300D503BA /* Main.storyboard */ = {
			isa = PBXVariantGroup;
			children = (
				985A25B62021ADF300D503BA /* Base */,
			);
			name = Main.storyboard;
			sourceTree = "<group>";
		};
		985A25BA2021ADF300D503BA /* LaunchScreen.storyboard */ = {
			isa = PBXVariantGroup;
			children = (
				985A25BB2021ADF300D503BA /* Base */,
			);
			name = LaunchScreen.storyboard;
			sourceTree = "<group>";
		};
/* End PBXVariantGroup section */

/* Begin XCBuildConfiguration section */
		985A25D42021ADF300D503BA /* Debug */ = {
			isa = XCBuildConfiguration;
			buildSettings = {
				ALWAYS_SEARCH_USER_PATHS = NO;
				CLANG_ANALYZER_NONNULL = YES;
				CLANG_ANALYZER_NUMBER_OBJECT_CONVERSION = YES_AGGRESSIVE;
				CLANG_CXX_LANGUAGE_STANDARD = "gnu++14";
				CLANG_CXX_LIBRARY = "libc++";
				CLANG_ENABLE_MODULES = YES;
				CLANG_ENABLE_OBJC_ARC = YES;
				CLANG_WARN_BLOCK_CAPTURE_AUTORELEASING = YES;
				CLANG_WARN_BOOL_CONVERSION = YES;
				CLANG_WARN_COMMA = YES;
				CLANG_WARN_CONSTANT_CONVERSION = YES;
				CLANG_WARN_DIRECT_OBJC_ISA_USAGE = YES_ERROR;
				CLANG_WARN_DOCUMENTATION_COMMENTS = YES;
				CLANG_WARN_EMPTY_BODY = YES;
				CLANG_WARN_ENUM_CONVERSION = YES;
				CLANG_WARN_INFINITE_RECURSION = YES;
				CLANG_WARN_INT_CONVERSION = YES;
				CLANG_WARN_NON_LITERAL_NULL_CONVERSION = YES;
				CLANG_WARN_OBJC_LITERAL_CONVERSION = YES;
				CLANG_WARN_OBJC_ROOT_CLASS = YES_ERROR;
				CLANG_WARN_RANGE_LOOP_ANALYSIS = YES;
				CLANG_WARN_STRICT_PROTOTYPES = YES;
				CLANG_WARN_SUSPICIOUS_MOVE = YES;
				CLANG_WARN_UNGUARDED_AVAILABILITY = YES_AGGRESSIVE;
				CLANG_WARN_UNREACHABLE_CODE = YES;
				CLANG_WARN__DUPLICATE_METHOD_MATCH = YES;
				CODE_SIGN_IDENTITY = "iPhone Developer";
				COPY_PHASE_STRIP = NO;
				DEBUG_INFORMATION_FORMAT = dwarf;
				ENABLE_STRICT_OBJC_MSGSEND = YES;
				ENABLE_TESTABILITY = YES;
				GCC_C_LANGUAGE_STANDARD = gnu11;
				GCC_DYNAMIC_NO_PIC = NO;
				GCC_NO_COMMON_BLOCKS = YES;
				GCC_OPTIMIZATION_LEVEL = 0;
				GCC_PREPROCESSOR_DEFINITIONS = (
					"DEBUG=1",
					"$(inherited)",
				);
				GCC_WARN_64_TO_32_BIT_CONVERSION = YES;
				GCC_WARN_ABOUT_RETURN_TYPE = YES_ERROR;
				GCC_WARN_UNDECLARED_SELECTOR = YES;
				GCC_WARN_UNINITIALIZED_AUTOS = YES_AGGRESSIVE;
				GCC_WARN_UNUSED_FUNCTION = YES;
				GCC_WARN_UNUSED_VARIABLE = YES;
				IPHONEOS_DEPLOYMENT_TARGET = 11.2;
				MTL_ENABLE_DEBUG_INFO = YES;
				ONLY_ACTIVE_ARCH = YES;
				SDKROOT = iphoneos;
				SWIFT_ACTIVE_COMPILATION_CONDITIONS = DEBUG;
				SWIFT_OPTIMIZATION_LEVEL = "-Onone";
			};
			name = Debug;
		};
		985A25D52021ADF300D503BA /* Release */ = {
			isa = XCBuildConfiguration;
			buildSettings = {
				ALWAYS_SEARCH_USER_PATHS = NO;
				CLANG_ANALYZER_NONNULL = YES;
				CLANG_ANALYZER_NUMBER_OBJECT_CONVERSION = YES_AGGRESSIVE;
				CLANG_CXX_LANGUAGE_STANDARD = "gnu++14";
				CLANG_CXX_LIBRARY = "libc++";
				CLANG_ENABLE_MODULES = YES;
				CLANG_ENABLE_OBJC_ARC = YES;
				CLANG_WARN_BLOCK_CAPTURE_AUTORELEASING = YES;
				CLANG_WARN_BOOL_CONVERSION = YES;
				CLANG_WARN_COMMA = YES;
				CLANG_WARN_CONSTANT_CONVERSION = YES;
				CLANG_WARN_DIRECT_OBJC_ISA_USAGE = YES_ERROR;
				CLANG_WARN_DOCUMENTATION_COMMENTS = YES;
				CLANG_WARN_EMPTY_BODY = YES;
				CLANG_WARN_ENUM_CONVERSION = YES;
				CLANG_WARN_INFINITE_RECURSION = YES;
				CLANG_WARN_INT_CONVERSION = YES;
				CLANG_WARN_NON_LITERAL_NULL_CONVERSION = YES;
				CLANG_WARN_OBJC_LITERAL_CONVERSION = YES;
				CLANG_WARN_OBJC_ROOT_CLASS = YES_ERROR;
				CLANG_WARN_RANGE_LOOP_ANALYSIS = YES;
				CLANG_WARN_STRICT_PROTOTYPES = YES;
				CLANG_WARN_SUSPICIOUS_MOVE = YES;
				CLANG_WARN_UNGUARDED_AVAILABILITY = YES_AGGRESSIVE;
				CLANG_WARN_UNREACHABLE_CODE = YES;
				CLANG_WARN__DUPLICATE_METHOD_MATCH = YES;
				CODE_SIGN_IDENTITY = "iPhone Developer";
				COPY_PHASE_STRIP = NO;
				DEBUG_INFORMATION_FORMAT = "dwarf-with-dsym";
				ENABLE_NS_ASSERTIONS = NO;
				ENABLE_STRICT_OBJC_MSGSEND = YES;
				GCC_C_LANGUAGE_STANDARD = gnu11;
				GCC_NO_COMMON_BLOCKS = YES;
				GCC_WARN_64_TO_32_BIT_CONVERSION = YES;
				GCC_WARN_ABOUT_RETURN_TYPE = YES_ERROR;
				GCC_WARN_UNDECLARED_SELECTOR = YES;
				GCC_WARN_UNINITIALIZED_AUTOS = YES_AGGRESSIVE;
				GCC_WARN_UNUSED_FUNCTION = YES;
				GCC_WARN_UNUSED_VARIABLE = YES;
				IPHONEOS_DEPLOYMENT_TARGET = 11.2;
				MTL_ENABLE_DEBUG_INFO = NO;
				SDKROOT = iphoneos;
				SWIFT_OPTIMIZATION_LEVEL = "-Owholemodule";
				VALIDATE_PRODUCT = YES;
			};
			name = Release;
		};
		985A25D72021ADF300D503BA /* Debug */ = {
			isa = XCBuildConfiguration;
			buildSettings = {
				ASSETCATALOG_COMPILER_APPICON_NAME = AppIcon;
				CODE_SIGN_STYLE = Automatic;
				INFOPLIST_FILE = GitHubExample/Info.plist;
				LD_RUNPATH_SEARCH_PATHS = "$(inherited) @executable_path/Frameworks";
				PRODUCT_BUNDLE_IDENTIFIER = com.GitHubExample;
				PRODUCT_NAME = "$(TARGET_NAME)";
				SWIFT_VERSION = 4.0;
				TARGETED_DEVICE_FAMILY = "1,2";
			};
			name = Debug;
		};
		985A25D82021ADF300D503BA /* Release */ = {
			isa = XCBuildConfiguration;
			buildSettings = {
				ASSETCATALOG_COMPILER_APPICON_NAME = AppIcon;
				CODE_SIGN_STYLE = Automatic;
				INFOPLIST_FILE = GitHubExample/Info.plist;
				LD_RUNPATH_SEARCH_PATHS = "$(inherited) @executable_path/Frameworks";
				PRODUCT_BUNDLE_IDENTIFIER = com.GitHubExample;
				PRODUCT_NAME = "$(TARGET_NAME)";
				SWIFT_VERSION = 4.0;
				TARGETED_DEVICE_FAMILY = "1,2";
			};
			name = Release;
		};
		985A25DA2021ADF300D503BA /* Debug */ = {
			isa = XCBuildConfiguration;
			buildSettings = {
				ALWAYS_EMBED_SWIFT_STANDARD_LIBRARIES = YES;
				BUNDLE_LOADER = "$(TEST_HOST)";
				CODE_SIGN_STYLE = Automatic;
				INFOPLIST_FILE = GitHubExampleTests/Info.plist;
				LD_RUNPATH_SEARCH_PATHS = "$(inherited) @executable_path/Frameworks @loader_path/Frameworks";
				PRODUCT_BUNDLE_IDENTIFIER = com.GitHubExampleTests;
				PRODUCT_NAME = "$(TARGET_NAME)";
				SWIFT_VERSION = 4.0;
				TARGETED_DEVICE_FAMILY = "1,2";
				TEST_HOST = "$(BUILT_PRODUCTS_DIR)/GitHubExample.app/GitHubExample";
			};
			name = Debug;
		};
		985A25DB2021ADF300D503BA /* Release */ = {
			isa = XCBuildConfiguration;
			buildSettings = {
				ALWAYS_EMBED_SWIFT_STANDARD_LIBRARIES = YES;
				BUNDLE_LOADER = "$(TEST_HOST)";
				CODE_SIGN_STYLE = Automatic;
				INFOPLIST_FILE = GitHubExampleTests/Info.plist;
				LD_RUNPATH_SEARCH_PATHS = "$(inherited) @executable_path/Frameworks @loader_path/Frameworks";
				PRODUCT_BUNDLE_IDENTIFIER = com.GitHubExampleTests;
				PRODUCT_NAME = "$(TARGET_NAME)";
				SWIFT_VERSION = 4.0;
				TARGETED_DEVICE_FAMILY = "1,2";
				TEST_HOST = "$(BUILT_PRODUCTS_DIR)/GitHubExample.app/GitHubExample";
			};
			name = Release;
		};
		985A25DD2021ADF300D503BA /* Debug */ = {
			isa = XCBuildConfiguration;
			buildSettings = {
				ALWAYS_EMBED_SWIFT_STANDARD_LIBRARIES = YES;
				CODE_SIGN_STYLE = Automatic;
				INFOPLIST_FILE = GitHubExampleUITests/Info.plist;
				LD_RUNPATH_SEARCH_PATHS = "$(inherited) @executable_path/Frameworks @loader_path/Frameworks";
				PRODUCT_BUNDLE_IDENTIFIER = com.GitHubExampleUITests;
				PRODUCT_NAME = "$(TARGET_NAME)";
				SWIFT_VERSION = 4.0;
				TARGETED_DEVICE_FAMILY = "1,2";
				TEST_TARGET_NAME = GitHubExample;
			};
			name = Debug;
		};
		985A25DE2021ADF300D503BA /* Release */ = {
			isa = XCBuildConfiguration;
			buildSettings = {
				ALWAYS_EMBED_SWIFT_STANDARD_LIBRARIES = YES;
				CODE_SIGN_STYLE = Automatic;
				INFOPLIST_FILE = GitHubExampleUITests/Info.plist;
				LD_RUNPATH_SEARCH_PATHS = "$(inherited) @executable_path/Frameworks @loader_path/Frameworks";
				PRODUCT_BUNDLE_IDENTIFIER = com.GitHubExampleUITests;
				PRODUCT_NAME = "$(TARGET_NAME)";
				SWIFT_VERSION = 4.0;
				TARGETED_DEVICE_FAMILY = "1,2";
				TEST_TARGET_NAME = GitHubExample;
			};
			name = Release;
		};
/* End XCBuildConfiguration section */

/* Begin XCConfigurationList section */
		985A25A92021ADF200D503BA /* Build configuration list for PBXProject "GitHubExample" */ = {
			isa = XCConfigurationList;
			buildConfigurations = (
				985A25D42021ADF300D503BA /* Debug */,
				985A25D52021ADF300D503BA /* Release */,
			);
			defaultConfigurationIsVisible = 0;
			defaultConfigurationName = Release;
		};
		985A25D62021ADF300D503BA /* Build configuration list for PBXNativeTarget "GitHubExample" */ = {
			isa = XCConfigurationList;
			buildConfigurations = (
				985A25D72021ADF300D503BA /* Debug */,
				985A25D82021ADF300D503BA /* Release */,
			);
			defaultConfigurationIsVisible = 0;
			defaultConfigurationName = Release;
		};
		985A25D92021ADF300D503BA /* Build configuration list for PBXNativeTarget "GitHubExampleTests" */ = {
			isa = XCConfigurationList;
			buildConfigurations = (
				985A25DA2021ADF300D503BA /* Debug */,
				985A25DB2021ADF300D503BA /* Release */,
			);
			defaultConfigurationIsVisible = 0;
			defaultConfigurationName = Release;
		};
		985A25DC2021ADF300D503BA /* Build configuration list for PBXNativeTarget "GitHubExampleUITests" */ = {
			isa = XCConfigurationList;
			buildConfigurations = (
				985A25DD2021ADF300D503BA /* Debug */,
				985A25DE2021ADF300D503BA /* Release */,
			);
			defaultConfigurationIsVisible = 0;
			defaultConfigurationName = Release;
		};
/* End XCConfigurationList section */
	};
	rootObject = 985A25A62021ADF200D503BA /* Project object */;
}
